{
  "requires": true,
  "lockfileVersion": 1,
  "dependencies": {
    "@assemblyscript/loader": {
      "version": "0.14.13",
      "resolved": "https://registry.npmjs.org/@assemblyscript/loader/-/loader-0.14.13.tgz",
      "integrity": "sha512-D772X1nUJLWBArGB8Y82dgUnXcZGS7eGdCvgj/9GqKI0w3/lq6vjF+9DqXITu+m25Hd0YVBFbotkU1BfgRKTLw=="
    },
    "@solo-io/proxy-runtime": {
      "version": "0.1.8",
      "resolved": "https://registry.npmjs.org/@solo-io/proxy-runtime/-/proxy-runtime-0.1.8.tgz",
      "integrity": "sha512-aC6D/tmyRYttp1gOtZbIHT+2AlZssW3Q4Mzy4kih2t1B+1zSsgaCkw/qau/5f+GZC3Q4L8A2Zg19+Wz6E8oehg=="
    },
    "assemblyscript": {
      "version": "0.14.13",
      "resolved": "https://registry.npmjs.org/assemblyscript/-/assemblyscript-0.14.13.tgz",
      "integrity": "sha512-hV/2Zolfkzn55LrKymdsHLftkf8TXGf/ZDUooN10L9r1Zgf6yOIyIf/bgGq3A2l5lmUt669gk/Uwx2G0KCbCug==",
      "requires": {
        "binaryen": "97.0.0-nightly.20200929",
        "long": "^4.0.0"
      }
    },
    "binaryen": {
      "version": "97.0.0-nightly.20200929",
      "resolved": "https://registry.npmjs.org/binaryen/-/binaryen-97.0.0-nightly.20200929.tgz",
      "integrity": "sha512-HQ7VTISqwfVOylWJAE2jIyhuO5zrxTD2Vvc0cwtXTUqfmlbZdt/Z0vxUZD+uFYHRLM0p9ddJc7RPVGsvPI2oEQ=="
    },
    "long": {
      "version": "4.0.0",
      "resolved": "https://registry.npmjs.org/long/-/long-4.0.0.tgz",
      "integrity": "sha512-XsP+KhQif4bjX1kbuSiySJFNAehNxgLb6hPRGJ9QsUr8ajHkuXGdrHmFUTUUXhDwVX2R5bY4JNZEwbUiMhV+MA=="
    }
  }
}
