{
  "name": "auth",
  "lockfileVersion": 2,
  "requires": true,
  "packages": {
    "": {
      "dependencies": {
        "@solo-io/proxy-runtime": "file:../.."
      },
      "devDependencies": {
        "assemblyscript": "^0.14.8"
      }
    },
    "../..": {
      "name": "@solo-io/proxy-runtime",
      "version": "0.1.12",
      "license": " Apache-2.0",
      "devDependencies": {
        "assemblyscript": "^0.14.9",
        "http-server": "^0.12.3",
        "local-web-server": "^3.0.7",
        "minimist": ">=1.2.2",
        "typedoc": "^0.16.11"
      }
    },
    "node_modules/@solo-io/proxy-runtime": {
      "resolved": "../..",
      "link": true
    },
    "node_modules/assemblyscript": {
      "version": "0.14.9",
      "resolved": "https://registry.npmjs.org/assemblyscript/-/assemblyscript-0.14.9.tgz",
      "integrity": "sha512-4e67IC2hQ1XOwOp+Sz9w84y7uAMCiU4GHw0J9+A5aWeEDM0lYp8knYCRw1DCJTj1mZVLdpsD5mIIrXcmcVb+FA==",
      "dev": true,
      "dependencies": {
        "binaryen": "95.0.0-nightly.20200813",
        "long": "^4.0.0"
      },
      "bin": {
        "asc": "bin/asc",
        "asinit": "bin/asinit"
      },
      "funding": {
        "type": "opencollective",
        "url": "https://opencollective.com/assemblyscript"
      }
    },
    "node_modules/binaryen": {
      "version": "95.0.0-nightly.20200813",
      "resolved": "https://registry.npmjs.org/binaryen/-/binaryen-95.0.0-nightly.20200813.tgz",
      "integrity": "sha512-xY+fhSAkVxptBoQAn9X4o21zTFycOjc+PeqbWSwcDqrSmXBXUMeq7qHhz4EWSWlFDKobHeUaiIbzLzlmciDWHw==",
      "dev": true,
      "bin": {
        "wasm-opt": "bin/wasm-opt"
      }
    },
    "node_modules/long": {
      "version": "4.0.0",
      "resolved": "https://registry.npmjs.org/long/-/long-4.0.0.tgz",
      "integrity": "sha512-XsP+KhQif4bjX1kbuSiySJFNAehNxgLb6hPRGJ9QsUr8ajHkuXGdrHmFUTUUXhDwVX2R5bY4JNZEwbUiMhV+MA==",
      "dev": true
    }
  },
  "dependencies": {
    "@solo-io/proxy-runtime": {
      "version": "file:../..",
      "requires": {
        "assemblyscript": "^0.14.9",
        "http-server": "^0.12.3",
        "local-web-server": "^3.0.7",
        "minimist": ">=1.2.2",
        "typedoc": "^0.16.11"
      }
    },
    "assemblyscript": {
      "version": "0.14.9",
      "resolved": "https://registry.npmjs.org/assemblyscript/-/assemblyscript-0.14.9.tgz",
      "integrity": "sha512-4e67IC2hQ1XOwOp+Sz9w84y7uAMCiU4GHw0J9+A5aWeEDM0lYp8knYCRw1DCJTj1mZVLdpsD5mIIrXcmcVb+FA==",
      "dev": true,
      "requires": {
        "binaryen": "95.0.0-nightly.20200813",
        "long": "^4.0.0"
      }
    },
    "binaryen": {
      "version": "95.0.0-nightly.20200813",
      "resolved": "https://registry.npmjs.org/binaryen/-/binaryen-95.0.0-nightly.20200813.tgz",
      "integrity": "sha512-xY+fhSAkVxptBoQAn9X4o21zTFycOjc+PeqbWSwcDqrSmXBXUMeq7qHhz4EWSWlFDKobHeUaiIbzLzlmciDWHw==",
      "dev": true
    },
    "long": {
      "version": "4.0.0",
      "resolved": "https://registry.npmjs.org/long/-/long-4.0.0.tgz",
      "integrity": "sha512-XsP+KhQif4bjX1kbuSiySJFNAehNxgLb6hPRGJ9QsUr8ajHkuXGdrHmFUTUUXhDwVX2R5bY4JNZEwbUiMhV+MA==",
      "dev": true
    }
  }
}
