{
  "name": "auth",
  "lockfileVersion": 2,
  "requires": true,
  "packages": {
    "": {
      "dependencies": {
        "@solo-io/proxy-runtime": "file:../.."
      },
      "devDependencies": {
        "assemblyscript": "^0.27.24"
      }
    },
    "../..": {
      "name": "@solo-io/proxy-runtime",
      "version": "0.1.15",
      "license": " Apache-2.0",
      "devDependencies": {
        "assemblyscript": "^0.27.24",
        "http-server": "^0.12.3",
        "local-web-server": "^3.0.7",
        "minimist": ">=1.2.2",
        "typedoc": "0.19.2"
      }
    },
    "node_modules/@solo-io/proxy-runtime": {
      "resolved": "../..",
      "link": true
    },
    "node_modules/assemblyscript": {
      "version": "0.27.24",
      "resolved": "https://registry.npmjs.org/assemblyscript/-/assemblyscript-0.27.24.tgz",
      "integrity": "sha512-TWQVwAqBJ3akkeDhUnknQbQietiEKSw5kAIiGTqoJFGiHTDeB9LdMDhZLnashxrJuG4jR/p57DhzN8biyC1/gg==",
      "dev": true,
      "dependencies": {
        "binaryen": "116.0.0-nightly.20240114",
        "long": "^5.2.1"
      },
      "bin": {
        "asc": "bin/asc.js",
        "asinit": "bin/asinit.js"
      },
      "engines": {
        "node": ">=16",
        "npm": ">=7"
      },
      "funding": {
        "type": "opencollective",
        "url": "https://opencollective.com/assemblyscript"
      }
    },
    "node_modules/binaryen": {
      "version": "116.0.0-nightly.20240114",
      "resolved": "https://registry.npmjs.org/binaryen/-/binaryen-116.0.0-nightly.20240114.tgz",
      "integrity": "sha512-0GZrojJnuhoe+hiwji7QFaL3tBlJoA+KFUN7ouYSDGZLSo9CKM8swQX8n/UcbR0d1VuZKU+nhogNzv423JEu5A==",
      "dev": true,
      "bin": {
        "wasm-opt": "bin/wasm-opt",
        "wasm2js": "bin/wasm2js"
      }
    },
    "node_modules/long": {
      "version": "5.2.3",
      "resolved": "https://registry.npmjs.org/long/-/long-5.2.3.tgz",
      "integrity": "sha512-lcHwpNoggQTObv5apGNCTdJrO69eHOZMi4BNC+rTLER8iHAqGrUVeLh/irVIM7zTw2bOXA8T6uNPeujwOLg/2Q==",
      "dev": true
    }
  },
  "dependencies": {
    "@solo-io/proxy-runtime": {
      "version": "file:../..",
      "requires": {
        "assemblyscript": "^0.27.24",
        "http-server": "^0.12.3",
        "local-web-server": "^3.0.7",
        "minimist": ">=1.2.2",
        "typedoc": "0.19.2"
      }
    },
    "assemblyscript": {
      "version": "0.27.24",
      "resolved": "https://registry.npmjs.org/assemblyscript/-/assemblyscript-0.27.24.tgz",
      "integrity": "sha512-TWQVwAqBJ3akkeDhUnknQbQietiEKSw5kAIiGTqoJFGiHTDeB9LdMDhZLnashxrJuG4jR/p57DhzN8biyC1/gg==",
      "dev": true,
      "requires": {
        "binaryen": "116.0.0-nightly.20240114",
        "long": "^5.2.1"
      }
    },
    "binaryen": {
      "version": "116.0.0-nightly.20240114",
      "resolved": "https://registry.npmjs.org/binaryen/-/binaryen-116.0.0-nightly.20240114.tgz",
      "integrity": "sha512-0GZrojJnuhoe+hiwji7QFaL3tBlJoA+KFUN7ouYSDGZLSo9CKM8swQX8n/UcbR0d1VuZKU+nhogNzv423JEu5A==",
      "dev": true
    },
    "long": {
      "version": "5.2.3",
      "resolved": "https://registry.npmjs.org/long/-/long-5.2.3.tgz",
      "integrity": "sha512-lcHwpNoggQTObv5apGNCTdJrO69eHOZMi4BNC+rTLER8iHAqGrUVeLh/irVIM7zTw2bOXA8T6uNPeujwOLg/2Q==",
      "dev": true
    }
  }
}
