{
  "requires": true,
  "lockfileVersion": 1,
  "dependencies": {
    "@assemblyscript/loader": {
      "version": "0.14.9",
      "resolved": "https://registry.npmjs.org/@assemblyscript/loader/-/loader-0.14.9.tgz",
      "integrity": "sha512-zibDUOgSH421P8bOcZiNNWv5waVonB+rDJUdBEdbWI1K/cO+k0fRtLLbVmY8Gu31bgYd/y4obV6a0WBrKWekJg=="
    },
    "@solo-io/proxy-runtime": {
      "version": "file:../.."
    },
    "assemblyscript": {
      "version": "0.14.9",
      "resolved": "https://registry.npmjs.org/assemblyscript/-/assemblyscript-0.14.9.tgz",
      "integrity": "sha512-4e67IC2hQ1XOwOp+Sz9w84y7uAMCiU4GHw0J9+A5aWeEDM0lYp8knYCRw1DCJTj1mZVLdpsD5mIIrXcmcVb+FA==",
      "dev": true,
      "requires": {
        "binaryen": "95.0.0-nightly.20200813",
        "long": "^4.0.0"
      }
    },
    "binaryen": {
      "version": "95.0.0-nightly.20200813",
      "resolved": "https://registry.npmjs.org/binaryen/-/binaryen-95.0.0-nightly.20200813.tgz",
      "integrity": "sha512-xY+fhSAkVxptBoQAn9X4o21zTFycOjc+PeqbWSwcDqrSmXBXUMeq7qHhz4EWSWlFDKobHeUaiIbzLzlmciDWHw==",
      "dev": true
    },
    "long": {
      "version": "4.0.0",
      "resolved": "https://registry.npmjs.org/long/-/long-4.0.0.tgz",
      "integrity": "sha512-XsP+KhQif4bjX1kbuSiySJFNAehNxgLb6hPRGJ9QsUr8ajHkuXGdrHmFUTUUXhDwVX2R5bY4JNZEwbUiMhV+MA==",
      "dev": true
    }
  }
}