{
  "name": "singleton",
  "lockfileVersion": 2,
  "requires": true,
  "packages": {
    "": {
      "dependencies": {
        "@solo-io/proxy-runtime": "file:../.."
      },
      "devDependencies": {
        "assemblyscript": "^0.21.3"
      }
    },
    "../..": {
      "name": "@solo-io/proxy-runtime",
      "version": "0.1.15",
      "license": " Apache-2.0",
      "devDependencies": {
        "assemblyscript": "^0.21.3",
        "http-server": "^0.12.3",
        "local-web-server": "^3.0.7",
        "minimist": ">=1.2.2",
        "typedoc": "^0.16.11"
      }
    },
    "node_modules/@solo-io/proxy-runtime": {
      "resolved": "../..",
      "link": true
    },
    "node_modules/assemblyscript": {
      "version": "0.21.3",
      "resolved": "https://registry.npmjs.org/assemblyscript/-/assemblyscript-0.21.3.tgz",
      "integrity": "sha512-DqA9/3uJeL/YceLu5yNT9nIk+6NOPqQDEgZFNrgLgYBpCapUDd3lSyz//566K1jcMHtH+e+NHyS6XBYrQE73nQ==",
      "dev": true,
      "dependencies": {
        "binaryen": "109.0.0-nightly.20220831",
        "long": "^5.2.0"
      },
      "bin": {
        "asc": "bin/asc.js",
        "asinit": "bin/asinit.js"
      },
      "engines": {
        "node": ">=16.0.0",
        "npm": ">=7.0.0"
      },
      "funding": {
        "type": "opencollective",
        "url": "https://opencollective.com/assemblyscript"
      }
    },
    "node_modules/binaryen": {
      "version": "109.0.0-nightly.20220831",
      "resolved": "https://registry.npmjs.org/binaryen/-/binaryen-109.0.0-nightly.20220831.tgz",
      "integrity": "sha512-fy3zefoIq9tsZ00wlk2VcyYnJg2WQXi4IPH9LddUcFpxQXagzMvijkgCUX37MhmTP48WdLJ5jpZ9h/58HijovA==",
      "dev": true,
      "bin": {
        "wasm-opt": "bin/wasm-opt",
        "wasm2js": "bin/wasm2js"
      }
    },
    "node_modules/long": {
      "version": "5.2.0",
      "resolved": "https://registry.npmjs.org/long/-/long-5.2.0.tgz",
      "integrity": "sha512-9RTUNjK60eJbx3uz+TEGF7fUr29ZDxR5QzXcyDpeSfeH28S9ycINflOgOlppit5U+4kNTe83KQnMEerw7GmE8w==",
      "dev": true
    }
  },
  "dependencies": {
    "@solo-io/proxy-runtime": {
      "version": "file:../..",
      "requires": {
        "assemblyscript": "^0.21.3",
        "http-server": "^0.12.3",
        "local-web-server": "^3.0.7",
        "minimist": ">=1.2.2",
        "typedoc": "^0.16.11"
      }
    },
    "assemblyscript": {
      "version": "0.21.3",
      "resolved": "https://registry.npmjs.org/assemblyscript/-/assemblyscript-0.21.3.tgz",
      "integrity": "sha512-DqA9/3uJeL/YceLu5yNT9nIk+6NOPqQDEgZFNrgLgYBpCapUDd3lSyz//566K1jcMHtH+e+NHyS6XBYrQE73nQ==",
      "dev": true,
      "requires": {
        "binaryen": "109.0.0-nightly.20220831",
        "long": "^5.2.0"
      }
    },
    "binaryen": {
      "version": "109.0.0-nightly.20220831",
      "resolved": "https://registry.npmjs.org/binaryen/-/binaryen-109.0.0-nightly.20220831.tgz",
      "integrity": "sha512-fy3zefoIq9tsZ00wlk2VcyYnJg2WQXi4IPH9LddUcFpxQXagzMvijkgCUX37MhmTP48WdLJ5jpZ9h/58HijovA==",
      "dev": true
    },
    "long": {
      "version": "5.2.0",
      "resolved": "https://registry.npmjs.org/long/-/long-5.2.0.tgz",
      "integrity": "sha512-9RTUNjK60eJbx3uz+TEGF7fUr29ZDxR5QzXcyDpeSfeH28S9ycINflOgOlppit5U+4kNTe83KQnMEerw7GmE8w==",
      "dev": true
    }
  }
}
